
Microsoft Visual Studio Solution File, Format Version 12.00
# Visual Studio Version 17
VisualStudioVersion = 17.1.32210.238
MinimumVisualStudioVersion = 10.0.40219.1
Project("{FAE04EC0-301F-11D3-BF4B-00C04F79EFBC}") = "Sinema_Büfe_Satis", "Sinema_Büfe_Satis\Sinema_Büfe_Satis.csproj", "{C92DDBB9-4E70-4C0F-9B53-AB3A3106B7BE}"
EndProject
Global
	GlobalSection(SolutionConfigurationPlatforms) = preSolution
		Debug|Any CPU = Debug|Any CPU
		Release|Any CPU = Release|Any CPU
	EndGlobalSection
	GlobalSection(ProjectConfigurationPlatforms) = postSolution
		{C92DDBB9-4E70-4C0F-9B53-AB3A3106B7BE}.Debug|Any CPU.ActiveCfg = Debug|Any CPU
		{C92DDBB9-4E70-4C0F-9B53-AB3A3106B7BE}.Debug|Any CPU.Build.0 = Debug|Any CPU
		{C92DDBB9-4E70-4C0F-9B53-AB3A3106B7BE}.Release|Any CPU.ActiveCfg = Release|Any CPU
		{C92DDBB9-4E70-4C0F-9B53-AB3A3106B7BE}.Release|Any CPU.Build.0 = Release|Any CPU
	EndGlobalSection
	GlobalSection(SolutionProperties) = preSolution
		HideSolutionNode = FALSE
	EndGlobalSection
	GlobalSection(ExtensibilityGlobals) = postSolution
		SolutionGuid = {461F961F-42AC-4BF0-BDF8-483AD04D1A23}
	EndGlobalSection
EndGlobal
